
Microsoft Visual Studio Solution File, Format Version 12.00
# Visual Studio Version 16
VisualStudioVersion = 16.0.30611.23
MinimumVisualStudioVersion = 10.0.40219.1
Project("{FAE04EC0-301F-11D3-BF4B-00C04F79EFBC}") = "CSharpTracker", "CSharpTracker\CSharpTracker.csproj", "{9E454F16-663A-43A2-8B5E-AB0138FB25CB}"
EndProject
Project("{9A19103F-16F7-4668-BE54-9A1E7A4F7556}") = "Insta.Graph.API", "Insta.Graph.API\Insta.Graph.API.csproj", "{6A346C64-4659-4CCE-A9D7-888BDE29D0CC}"
EndProject
Project("{9A19103F-16F7-4668-BE54-9A1E7A4F7556}") = "Insta.Graph.Entity", "Insta.Graph.API.Models\Insta.Graph.Entity.csproj", "{1FEBF9EE-B9AD-41A1-B0F8-25E3A665ED97}"
EndProject
Global
	GlobalSection(SolutionConfigurationPlatforms) = preSolution
		Debug|Any CPU = Debug|Any CPU
		Release|Any CPU = Release|Any CPU
	EndGlobalSection
	GlobalSection(ProjectConfigurationPlatforms) = postSolution
		{9E454F16-663A-43A2-8B5E-AB0138FB25CB}.Debug|Any CPU.ActiveCfg = Debug|Any CPU
		{9E454F16-663A-43A2-8B5E-AB0138FB25CB}.Debug|Any CPU.Build.0 = Debug|Any CPU
		{9E454F16-663A-43A2-8B5E-AB0138FB25CB}.Release|Any CPU.ActiveCfg = Release|Any CPU
		{9E454F16-663A-43A2-8B5E-AB0138FB25CB}.Release|Any CPU.Build.0 = Release|Any CPU
		{6A346C64-4659-4CCE-A9D7-888BDE29D0CC}.Debug|Any CPU.ActiveCfg = Debug|Any CPU
		{6A346C64-4659-4CCE-A9D7-888BDE29D0CC}.Debug|Any CPU.Build.0 = Debug|Any CPU
		{6A346C64-4659-4CCE-A9D7-888BDE29D0CC}.Release|Any CPU.ActiveCfg = Release|Any CPU
		{6A346C64-4659-4CCE-A9D7-888BDE29D0CC}.Release|Any CPU.Build.0 = Release|Any CPU
		{1FEBF9EE-B9AD-41A1-B0F8-25E3A665ED97}.Debug|Any CPU.ActiveCfg = Debug|Any CPU
		{1FEBF9EE-B9AD-41A1-B0F8-25E3A665ED97}.Debug|Any CPU.Build.0 = Debug|Any CPU
		{1FEBF9EE-B9AD-41A1-B0F8-25E3A665ED97}.Release|Any CPU.ActiveCfg = Release|Any CPU
		{1FEBF9EE-B9AD-41A1-B0F8-25E3A665ED97}.Release|Any CPU.Build.0 = Release|Any CPU
	EndGlobalSection
	GlobalSection(SolutionProperties) = preSolution
		HideSolutionNode = FALSE
	EndGlobalSection
	GlobalSection(ExtensibilityGlobals) = postSolution
		SolutionGuid = {650F6DBE-AC34-4722-A497-DE4626E0BED3}
	EndGlobalSection
EndGlobal
